
Microsoft Visual Studio Solution File, Format Version 12.00
# Visual Studio Version 16
VisualStudioVersion = 16.0.30907.101
MinimumVisualStudioVersion = 10.0.40219.1
Project("{FAE04EC0-301F-11D3-BF4B-00C04F79EFBC}") = "MyHomeWork_6", "MyHomeWork_6\MyHomeWork_6.csproj", "{F67C8740-D507-47DB-904A-C7233EC87387}"
EndProject
Global
	GlobalSection(SolutionConfigurationPlatforms) = preSolution
		Debug|Any CPU = Debug|Any CPU
		Release|Any CPU = Release|Any CPU
	EndGlobalSection
	GlobalSection(ProjectConfigurationPlatforms) = postSolution
		{F67C8740-D507-47DB-904A-C7233EC87387}.Debug|Any CPU.ActiveCfg = Debug|Any CPU
		{F67C8740-D507-47DB-904A-C7233EC87387}.Debug|Any CPU.Build.0 = Debug|Any CPU
		{F67C8740-D507-47DB-904A-C7233EC87387}.Release|Any CPU.ActiveCfg = Release|Any CPU
		{F67C8740-D507-47DB-904A-C7233EC87387}.Release|Any CPU.Build.0 = Release|Any CPU
	EndGlobalSection
	GlobalSection(SolutionProperties) = preSolution
		HideSolutionNode = FALSE
	EndGlobalSection
	GlobalSection(ExtensibilityGlobals) = postSolution
		SolutionGuid = {411D0729-04B8-45FC-9342-7AC0A9B87C00}
	EndGlobalSection
EndGlobal
