
Microsoft Visual Studio Solution File, Format Version 12.00
# Visual Studio Version 16
VisualStudioVersion = 16.0.30907.101
MinimumVisualStudioVersion = 10.0.40219.1
Project("{FAE04EC0-301F-11D3-BF4B-00C04F79EFBC}") = "Homework_2.3", "Homework_2.3\Homework_2.3.csproj", "{E5C59064-65BF-4B22-A320-F932BFCC795A}"
EndProject
Global
	GlobalSection(SolutionConfigurationPlatforms) = preSolution
		Debug|Any CPU = Debug|Any CPU
		Release|Any CPU = Release|Any CPU
	EndGlobalSection
	GlobalSection(ProjectConfigurationPlatforms) = postSolution
		{E5C59064-65BF-4B22-A320-F932BFCC795A}.Debug|Any CPU.ActiveCfg = Debug|Any CPU
		{E5C59064-65BF-4B22-A320-F932BFCC795A}.Debug|Any CPU.Build.0 = Debug|Any CPU
		{E5C59064-65BF-4B22-A320-F932BFCC795A}.Release|Any CPU.ActiveCfg = Release|Any CPU
		{E5C59064-65BF-4B22-A320-F932BFCC795A}.Release|Any CPU.Build.0 = Release|Any CPU
	EndGlobalSection
	GlobalSection(SolutionProperties) = preSolution
		HideSolutionNode = FALSE
	EndGlobalSection
	GlobalSection(ExtensibilityGlobals) = postSolution
		SolutionGuid = {741D1319-0484-4652-81DC-1BCDFC35CC68}
	EndGlobalSection
EndGlobal
